github.com/gorilla/schema v1.2.0 h1:YufUaxZYCKGFuAq3c96BOhjgd5nmXiOY9NGzF247Tsc=
github.com/gorilla/schema v1.2.0/go.mod h1:kgLaKoK1FELgZqMAVxx/5cbj0kT+57qxUrAlIO2eleU=
github.com/hetiansu5/urlquery v1.2.3 h1:ZqseAGsTV9iWReRLJ60DKELI6vEAOcS0WxfApaD7eBw=
github.com/hetiansu5/urlquery v1.2.3/go.mod h1:TpDbtDUgk09rFy/tXu4R+qrTvibZWSQjZTT8VDh/Xl0=
